
Microsoft Visual Studio Solution File, Format Version 12.00
# Visual Studio Version 17
VisualStudioVersion = 17.1.32421.90
MinimumVisualStudioVersion = 10.0.40219.1
Project("{FAE04EC0-301F-11D3-BF4B-00C04F79EFBC}") = "HomeWork7", "HomeWork7\HomeWork7.csproj", "{E96534F7-0117-4806-9A28-5FC26AC2E3CC}"
EndProject
Global
	GlobalSection(SolutionConfigurationPlatforms) = preSolution
		Debug|Any CPU = Debug|Any CPU
		Release|Any CPU = Release|Any CPU
	EndGlobalSection
	GlobalSection(ProjectConfigurationPlatforms) = postSolution
		{E96534F7-0117-4806-9A28-5FC26AC2E3CC}.Debug|Any CPU.ActiveCfg = Debug|Any CPU
		{E96534F7-0117-4806-9A28-5FC26AC2E3CC}.Debug|Any CPU.Build.0 = Debug|Any CPU
		{E96534F7-0117-4806-9A28-5FC26AC2E3CC}.Release|Any CPU.ActiveCfg = Release|Any CPU
		{E96534F7-0117-4806-9A28-5FC26AC2E3CC}.Release|Any CPU.Build.0 = Release|Any CPU
	EndGlobalSection
	GlobalSection(SolutionProperties) = preSolution
		HideSolutionNode = FALSE
	EndGlobalSection
	GlobalSection(ExtensibilityGlobals) = postSolution
		SolutionGuid = {F2B31C5C-FDA9-49FF-BE07-0978A5C7C004}
	EndGlobalSection
EndGlobal
